// !$*UTF8*$!
{
	archiveVersion = 1;
	classes = {
	};
	objectVersion = 50;
	objects = {

/* Begin PBXBuildFile section */
		380B52F428483A8400BA4013 /* Alerta.swift in Sources */ = {isa = PBXBuildFile; fileRef = 380B52F328483A8400BA4013 /* Alerta.swift */; };
		380FED9F2843C690001DB767 /* AdicionarItensViewController.swift in Sources */ = {isa = PBXBuildFile; fileRef = 380FED9D2843C690001DB767 /* AdicionarItensViewController.swift */; };
		380FEDA02843C690001DB767 /* AdicionarItensViewController.xib in Resources */ = {isa = PBXBuildFile; fileRef = 380FED9E2843C690001DB767 /* AdicionarItensViewController.xib */; };
		38238B9128518631000033ED /* RefeicaoDao.swift in Sources */ = {isa = PBXBuildFile; fileRef = 38238B9028518631000033ED /* RefeicaoDao.swift */; };
		38238B93285189E0000033ED /* ItemDao.swift in Sources */ = {isa = PBXBuildFile; fileRef = 38238B92285189E0000033ED /* ItemDao.swift */; };
		387072FC284D284400C24065 /* RemoveRefeicaoViewController.swift in Sources */ = {isa = PBXBuildFile; fileRef = 387072FB284D284400C24065 /* RemoveRefeicaoViewController.swift */; };
		B30A87E02824B84D00CF4C65 /* RefeicoesTableViewController.swift in Sources */ = {isa = PBXBuildFile; fileRef = B30A87DF2824B84D00CF4C65 /* RefeicoesTableViewController.swift */; };
		B33A6220254B9983005399DE /* Refeicao.swift in Sources */ = {isa = PBXBuildFile; fileRef = B33A621F254B9983005399DE /* Refeicao.swift */; };
		B33A6223254B9A62005399DE /* Item.swift in Sources */ = {isa = PBXBuildFile; fileRef = B33A6222254B9A62005399DE /* Item.swift */; };
		B3F98765253A4BAE0024D7C9 /* AppDelegate.swift in Sources */ = {isa = PBXBuildFile; fileRef = B3F98764253A4BAE0024D7C9 /* AppDelegate.swift */; };
		B3F98767253A4BAE0024D7C9 /* SceneDelegate.swift in Sources */ = {isa = PBXBuildFile; fileRef = B3F98766253A4BAE0024D7C9 /* SceneDelegate.swift */; };
		B3F98769253A4BAE0024D7C9 /* ViewController.swift in Sources */ = {isa = PBXBuildFile; fileRef = B3F98768253A4BAE0024D7C9 /* ViewController.swift */; };
		B3F9876C253A4BAE0024D7C9 /* Main.storyboard in Resources */ = {isa = PBXBuildFile; fileRef = B3F9876A253A4BAE0024D7C9 /* Main.storyboard */; };
		B3F9876E253A4BAF0024D7C9 /* Assets.xcassets in Resources */ = {isa = PBXBuildFile; fileRef = B3F9876D253A4BAF0024D7C9 /* Assets.xcassets */; };
		B3F98771253A4BAF0024D7C9 /* LaunchScreen.storyboard in Resources */ = {isa = PBXBuildFile; fileRef = B3F9876F253A4BAF0024D7C9 /* LaunchScreen.storyboard */; };
/* End PBXBuildFile section */

/* Begin PBXFileReference section */
		380B52F328483A8400BA4013 /* Alerta.swift */ = {isa = PBXFileReference; lastKnownFileType = sourcecode.swift; path = Alerta.swift; sourceTree = "<group>"; };
		380FED9D2843C690001DB767 /* AdicionarItensViewController.swift */ = {isa = PBXFileReference; lastKnownFileType = sourcecode.swift; path = AdicionarItensViewController.swift; sourceTree = "<group>"; };
		380FED9E2843C690001DB767 /* AdicionarItensViewController.xib */ = {isa = PBXFileReference; lastKnownFileType = file.xib; path = AdicionarItensViewController.xib; sourceTree = "<group>"; };
		38238B9028518631000033ED /* RefeicaoDao.swift */ = {isa = PBXFileReference; lastKnownFileType = sourcecode.swift; path = RefeicaoDao.swift; sourceTree = "<group>"; };
		38238B92285189E0000033ED /* ItemDao.swift */ = {isa = PBXFileReference; lastKnownFileType = sourcecode.swift; path = ItemDao.swift; sourceTree = "<group>"; };
		387072FB284D284400C24065 /* RemoveRefeicaoViewController.swift */ = {isa = PBXFileReference; lastKnownFileType = sourcecode.swift; path = RemoveRefeicaoViewController.swift; sourceTree = "<group>"; };
		B30A87DF2824B84D00CF4C65 /* RefeicoesTableViewController.swift */ = {isa = PBXFileReference; lastKnownFileType = sourcecode.swift; path = RefeicoesTableViewController.swift; sourceTree = "<group>"; };
		B33A621F254B9983005399DE /* Refeicao.swift */ = {isa = PBXFileReference; lastKnownFileType = sourcecode.swift; path = Refeicao.swift; sourceTree = "<group>"; };
		B33A6222254B9A62005399DE /* Item.swift */ = {isa = PBXFileReference; lastKnownFileType = sourcecode.swift; path = Item.swift; sourceTree = "<group>"; };
		B3F98761253A4BAE0024D7C9 /* eggplant-brownie.app */ = {isa = PBXFileReference; explicitFileType = wrapper.application; includeInIndex = 0; path = "eggplant-brownie.app"; sourceTree = BUILT_PRODUCTS_DIR; };
		B3F98764253A4BAE0024D7C9 /* AppDelegate.swift */ = {isa = PBXFileReference; lastKnownFileType = sourcecode.swift; path = AppDelegate.swift; sourceTree = "<group>"; };
		B3F98766253A4BAE0024D7C9 /* SceneDelegate.swift */ = {isa = PBXFileReference; lastKnownFileType = sourcecode.swift; path = SceneDelegate.swift; sourceTree = "<group>"; };
		B3F98768253A4BAE0024D7C9 /* ViewController.swift */ = {isa = PBXFileReference; lastKnownFileType = sourcecode.swift; path = ViewController.swift; sourceTree = "<group>"; };
		B3F9876B253A4BAE0024D7C9 /* Base */ = {isa = PBXFileReference; lastKnownFileType = file.storyboard; name = Base; path = Base.lproj/Main.storyboard; sourceTree = "<group>"; };
		B3F9876D253A4BAF0024D7C9 /* Assets.xcassets */ = {isa = PBXFileReference; lastKnownFileType = folder.assetcatalog; path = Assets.xcassets; sourceTree = "<group>"; };
		B3F98770253A4BAF0024D7C9 /* Base */ = {isa = PBXFileReference; lastKnownFileType = file.storyboard; name = Base; path = Base.lproj/LaunchScreen.storyboard; sourceTree = "<group>"; };
		B3F98772253A4BAF0024D7C9 /* Info.plist */ = {isa = PBXFileReference; lastKnownFileType = text.plist.xml; path = Info.plist; sourceTree = "<group>"; };
/* End PBXFileReference section */

/* Begin PBXFrameworksBuildPhase section */
		B3F9875E253A4BAE0024D7C9 /* Frameworks */ = {
			isa = PBXFrameworksBuildPhase;
			buildActionMask = 2147483647;
			files = (
			);
			runOnlyForDeploymentPostprocessing = 0;
		};
/* End PBXFrameworksBuildPhase section */

/* Begin PBXGroup section */
		B33A6227254B9C02005399DE /* Models */ = {
			isa = PBXGroup;
			children = (
				B33A621F254B9983005399DE /* Refeicao.swift */,
				B33A6222254B9A62005399DE /* Item.swift */,
				380B52F328483A8400BA4013 /* Alerta.swift */,
				38238B9028518631000033ED /* RefeicaoDao.swift */,
				38238B92285189E0000033ED /* ItemDao.swift */,
			);
			path = Models;
			sourceTree = "<group>";
		};
		B33A6228254B9C30005399DE /* Controllers */ = {
			isa = PBXGroup;
			children = (
				B3F98768253A4BAE0024D7C9 /* ViewController.swift */,
				B30A87DF2824B84D00CF4C65 /* RefeicoesTableViewController.swift */,
				380FED9D2843C690001DB767 /* AdicionarItensViewController.swift */,
				387072FB284D284400C24065 /* RemoveRefeicaoViewController.swift */,
			);
			path = Controllers;
			sourceTree = "<group>";
		};
		B33A6229254B9C63005399DE /* Views */ = {
			isa = PBXGroup;
			children = (
				B3F9876A253A4BAE0024D7C9 /* Main.storyboard */,
				380FED9E2843C690001DB767 /* AdicionarItensViewController.xib */,
			);
			path = Views;
			sourceTree = "<group>";
		};
		B3F98758253A4BAE0024D7C9 = {
			isa = PBXGroup;
			children = (
				B3F98763253A4BAE0024D7C9 /* eggplant-brownie */,
				B3F98762253A4BAE0024D7C9 /* Products */,
			);
			sourceTree = "<group>";
		};
		B3F98762253A4BAE0024D7C9 /* Products */ = {
			isa = PBXGroup;
			children = (
				B3F98761253A4BAE0024D7C9 /* eggplant-brownie.app */,
			);
			name = Products;
			sourceTree = "<group>";
		};
		B3F98763253A4BAE0024D7C9 /* eggplant-brownie */ = {
			isa = PBXGroup;
			children = (
				B3F98764253A4BAE0024D7C9 /* AppDelegate.swift */,
				B33A6227254B9C02005399DE /* Models */,
				B33A6229254B9C63005399DE /* Views */,
				B33A6228254B9C30005399DE /* Controllers */,
				B3F98766253A4BAE0024D7C9 /* SceneDelegate.swift */,
				B3F9876D253A4BAF0024D7C9 /* Assets.xcassets */,
				B3F9876F253A4BAF0024D7C9 /* LaunchScreen.storyboard */,
				B3F98772253A4BAF0024D7C9 /* Info.plist */,
			);
			path = "eggplant-brownie";
			sourceTree = "<group>";
		};
/* End PBXGroup section */

/* Begin PBXNativeTarget section */
		B3F98760253A4BAE0024D7C9 /* eggplant-brownie */ = {
			isa = PBXNativeTarget;
			buildConfigurationList = B3F98775253A4BAF0024D7C9 /* Build configuration list for PBXNativeTarget "eggplant-brownie" */;
			buildPhases = (
				B3F9875D253A4BAE0024D7C9 /* Sources */,
				B3F9875E253A4BAE0024D7C9 /* Frameworks */,
				B3F9875F253A4BAE0024D7C9 /* Resources */,
			);
			buildRules = (
			);
			dependencies = (
			);
			name = "eggplant-brownie";
			productName = "eggplant-brownie";
			productReference = B3F98761253A4BAE0024D7C9 /* eggplant-brownie.app */;
			productType = "com.apple.product-type.application";
		};
/* End PBXNativeTarget section */

/* Begin PBXProject section */
		B3F98759253A4BAE0024D7C9 /* Project object */ = {
			isa = PBXProject;
			attributes = {
				LastSwiftUpdateCheck = 1200;
				LastUpgradeCheck = 1200;
				TargetAttributes = {
					B3F98760253A4BAE0024D7C9 = {
						CreatedOnToolsVersion = 12.0.1;
					};
				};
			};
			buildConfigurationList = B3F9875C253A4BAE0024D7C9 /* Build configuration list for PBXProject "eggplant-brownie" */;
			compatibilityVersion = "Xcode 9.3";
			developmentRegion = en;
			hasScannedForEncodings = 0;
			knownRegions = (
				en,
				Base,
			);
			mainGroup = B3F98758253A4BAE0024D7C9;
			productRefGroup = B3F98762253A4BAE0024D7C9 /* Products */;
			projectDirPath = "";
			projectRoot = "";
			targets = (
				B3F98760253A4BAE0024D7C9 /* eggplant-brownie */,
			);
		};
/* End PBXProject section */

/* Begin PBXResourcesBuildPhase section */
		B3F9875F253A4BAE0024D7C9 /* Resources */ = {
			isa = PBXResourcesBuildPhase;
			buildActionMask = 2147483647;
			files = (
				B3F98771253A4BAF0024D7C9 /* LaunchScreen.storyboard in Resources */,
				B3F9876E253A4BAF0024D7C9 /* Assets.xcassets in Resources */,
				380FEDA02843C690001DB767 /* AdicionarItensViewController.xib in Resources */,
				B3F9876C253A4BAE0024D7C9 /* Main.storyboard in Resources */,
			);
			runOnlyForDeploymentPostprocessing = 0;
		};
/* End PBXResourcesBuildPhase section */

/* Begin PBXSourcesBuildPhase section */
		B3F9875D253A4BAE0024D7C9 /* Sources */ = {
			isa = PBXSourcesBuildPhase;
			buildActionMask = 2147483647;
			files = (
				380B52F428483A8400BA4013 /* Alerta.swift in Sources */,
				B33A6223254B9A62005399DE /* Item.swift in Sources */,
				B3F98769253A4BAE0024D7C9 /* ViewController.swift in Sources */,
				387072FC284D284400C24065 /* RemoveRefeicaoViewController.swift in Sources */,
				38238B93285189E0000033ED /* ItemDao.swift in Sources */,
				38238B9128518631000033ED /* RefeicaoDao.swift in Sources */,
				380FED9F2843C690001DB767 /* AdicionarItensViewController.swift in Sources */,
				B3F98765253A4BAE0024D7C9 /* AppDelegate.swift in Sources */,
				B30A87E02824B84D00CF4C65 /* RefeicoesTableViewController.swift in Sources */,
				B3F98767253A4BAE0024D7C9 /* SceneDelegate.swift in Sources */,
				B33A6220254B9983005399DE /* Refeicao.swift in Sources */,
			);
			runOnlyForDeploymentPostprocessing = 0;
		};
/* End PBXSourcesBuildPhase section */

/* Begin PBXVariantGroup section */
		B3F9876A253A4BAE0024D7C9 /* Main.storyboard */ = {
			isa = PBXVariantGroup;
			children = (
				B3F9876B253A4BAE0024D7C9 /* Base */,
			);
			name = Main.storyboard;
			sourceTree = "<group>";
		};
		B3F9876F253A4BAF0024D7C9 /* LaunchScreen.storyboard */ = {
			isa = PBXVariantGroup;
			children = (
				B3F98770253A4BAF0024D7C9 /* Base */,
			);
			name = LaunchScreen.storyboard;
			sourceTree = "<group>";
		};
/* End PBXVariantGroup section */

/* Begin XCBuildConfiguration section */
		B3F98773253A4BAF0024D7C9 /* Debug */ = {
			isa = XCBuildConfiguration;
			buildSettings = {
				ALWAYS_SEARCH_USER_PATHS = NO;
				CLANG_ANALYZER_NONNULL = YES;
				CLANG_ANALYZER_NUMBER_OBJECT_CONVERSION = YES_AGGRESSIVE;
				CLANG_CXX_LANGUAGE_STANDARD = "gnu++14";
				CLANG_CXX_LIBRARY = "libc++";
				CLANG_ENABLE_MODULES = YES;
				CLANG_ENABLE_OBJC_ARC = YES;
				CLANG_ENABLE_OBJC_WEAK = YES;
				CLANG_WARN_BLOCK_CAPTURE_AUTORELEASING = YES;
				CLANG_WARN_BOOL_CONVERSION = YES;
				CLANG_WARN_COMMA = YES;
				CLANG_WARN_CONSTANT_CONVERSION = YES;
				CLANG_WARN_DEPRECATED_OBJC_IMPLEMENTATIONS = YES;
				CLANG_WARN_DIRECT_OBJC_ISA_USAGE = YES_ERROR;
				CLANG_WARN_DOCUMENTATION_COMMENTS = YES;
				CLANG_WARN_EMPTY_BODY = YES;
				CLANG_WARN_ENUM_CONVERSION = YES;
				CLANG_WARN_INFINITE_RECURSION = YES;
				CLANG_WARN_INT_CONVERSION = YES;
				CLANG_WARN_NON_LITERAL_NULL_CONVERSION = YES;
				CLANG_WARN_OBJC_IMPLICIT_RETAIN_SELF = YES;
				CLANG_WARN_OBJC_LITERAL_CONVERSION = YES;
				CLANG_WARN_OBJC_ROOT_CLASS = YES_ERROR;
				CLANG_WARN_QUOTED_INCLUDE_IN_FRAMEWORK_HEADER = YES;
				CLANG_WARN_RANGE_LOOP_ANALYSIS = YES;
				CLANG_WARN_STRICT_PROTOTYPES = YES;
				CLANG_WARN_SUSPICIOUS_MOVE = YES;
				CLANG_WARN_UNGUARDED_AVAILABILITY = YES_AGGRESSIVE;
				CLANG_WARN_UNREACHABLE_CODE = YES;
				CLANG_WARN__DUPLICATE_METHOD_MATCH = YES;
				COPY_PHASE_STRIP = NO;
				DEBUG_INFORMATION_FORMAT = dwarf;
				ENABLE_STRICT_OBJC_MSGSEND = YES;
				ENABLE_TESTABILITY = YES;
				GCC_C_LANGUAGE_STANDARD = gnu11;
				GCC_DYNAMIC_NO_PIC = NO;
				GCC_NO_COMMON_BLOCKS = YES;
				GCC_OPTIMIZATION_LEVEL = 0;
				GCC_PREPROCESSOR_DEFINITIONS = (
					"DEBUG=1",
					"$(inherited)",
				);
				GCC_WARN_64_TO_32_BIT_CONVERSION = YES;
				GCC_WARN_ABOUT_RETURN_TYPE = YES_ERROR;
				GCC_WARN_UNDECLARED_SELECTOR = YES;
				GCC_WARN_UNINITIALIZED_AUTOS = YES_AGGRESSIVE;
				GCC_WARN_UNUSED_FUNCTION = YES;
				GCC_WARN_UNUSED_VARIABLE = YES;
				IPHONEOS_DEPLOYMENT_TARGET = 14.0;
				MTL_ENABLE_DEBUG_INFO = INCLUDE_SOURCE;
				MTL_FAST_MATH = YES;
				ONLY_ACTIVE_ARCH = YES;
				SDKROOT = iphoneos;
				SWIFT_ACTIVE_COMPILATION_CONDITIONS = DEBUG;
				SWIFT_OPTIMIZATION_LEVEL = "-Onone";
			};
			name = Debug;
		};
		B3F98774253A4BAF0024D7C9 /* Release */ = {
			isa = XCBuildConfiguration;
			buildSettings = {
				ALWAYS_SEARCH_USER_PATHS = NO;
				CLANG_ANALYZER_NONNULL = YES;
				CLANG_ANALYZER_NUMBER_OBJECT_CONVERSION = YES_AGGRESSIVE;
				CLANG_CXX_LANGUAGE_STANDARD = "gnu++14";
				CLANG_CXX_LIBRARY = "libc++";
				CLANG_ENABLE_MODULES = YES;
				CLANG_ENABLE_OBJC_ARC = YES;
				CLANG_ENABLE_OBJC_WEAK = YES;
				CLANG_WARN_BLOCK_CAPTURE_AUTORELEASING = YES;
				CLANG_WARN_BOOL_CONVERSION = YES;
				CLANG_WARN_COMMA = YES;
				CLANG_WARN_CONSTANT_CONVERSION = YES;
				CLANG_WARN_DEPRECATED_OBJC_IMPLEMENTATIONS = YES;
				CLANG_WARN_DIRECT_OBJC_ISA_USAGE = YES_ERROR;
				CLANG_WARN_DOCUMENTATION_COMMENTS = YES;
				CLANG_WARN_EMPTY_BODY = YES;
				CLANG_WARN_ENUM_CONVERSION = YES;
				CLANG_WARN_INFINITE_RECURSION = YES;
				CLANG_WARN_INT_CONVERSION = YES;
				CLANG_WARN_NON_LITERAL_NULL_CONVERSION = YES;
				CLANG_WARN_OBJC_IMPLICIT_RETAIN_SELF = YES;
				CLANG_WARN_OBJC_LITERAL_CONVERSION = YES;
				CLANG_WARN_OBJC_ROOT_CLASS = YES_ERROR;
				CLANG_WARN_QUOTED_INCLUDE_IN_FRAMEWORK_HEADER = YES;
				CLANG_WARN_RANGE_LOOP_ANALYSIS = YES;
				CLANG_WARN_STRICT_PROTOTYPES = YES;
				CLANG_WARN_SUSPICIOUS_MOVE = YES;
				CLANG_WARN_UNGUARDED_AVAILABILITY = YES_AGGRESSIVE;
				CLANG_WARN_UNREACHABLE_CODE = YES;
				CLANG_WARN__DUPLICATE_METHOD_MATCH = YES;
				COPY_PHASE_STRIP = NO;
				DEBUG_INFORMATION_FORMAT = "dwarf-with-dsym";
				ENABLE_NS_ASSERTIONS = NO;
				ENABLE_STRICT_OBJC_MSGSEND = YES;
				GCC_C_LANGUAGE_STANDARD = gnu11;
				GCC_NO_COMMON_BLOCKS = YES;
				GCC_WARN_64_TO_32_BIT_CONVERSION = YES;
				GCC_WARN_ABOUT_RETURN_TYPE = YES_ERROR;
				GCC_WARN_UNDECLARED_SELECTOR = YES;
				GCC_WARN_UNINITIALIZED_AUTOS = YES_AGGRESSIVE;
				GCC_WARN_UNUSED_FUNCTION = YES;
				GCC_WARN_UNUSED_VARIABLE = YES;
				IPHONEOS_DEPLOYMENT_TARGET = 14.0;
				MTL_ENABLE_DEBUG_INFO = NO;
				MTL_FAST_MATH = YES;
				SDKROOT = iphoneos;
				SWIFT_COMPILATION_MODE = wholemodule;
				SWIFT_OPTIMIZATION_LEVEL = "-O";
				VALIDATE_PRODUCT = YES;
			};
			name = Release;
		};
		B3F98776253A4BAF0024D7C9 /* Debug */ = {
			isa = XCBuildConfiguration;
			buildSettings = {
				ASSETCATALOG_COMPILER_APPICON_NAME = AppIcon;
				ASSETCATALOG_COMPILER_GLOBAL_ACCENT_COLOR_NAME = AccentColor;
				CODE_SIGN_STYLE = Automatic;
				DEVELOPMENT_TEAM = A7HLP9333V;
				INFOPLIST_FILE = "eggplant-brownie/Info.plist";
				LD_RUNPATH_SEARCH_PATHS = (
					"$(inherited)",
					"@executable_path/Frameworks",
				);
				PRODUCT_BUNDLE_IDENTIFIER = "com.formacao.app.eggplant-brownie";
				PRODUCT_NAME = "$(TARGET_NAME)";
				SWIFT_VERSION = 5.0;
				TARGETED_DEVICE_FAMILY = "1,2";
			};
			name = Debug;
		};
		B3F98777253A4BAF0024D7C9 /* Release */ = {
			isa = XCBuildConfiguration;
			buildSettings = {
				ASSETCATALOG_COMPILER_APPICON_NAME = AppIcon;
				ASSETCATALOG_COMPILER_GLOBAL_ACCENT_COLOR_NAME = AccentColor;
				CODE_SIGN_STYLE = Automatic;
				DEVELOPMENT_TEAM = A7HLP9333V;
				INFOPLIST_FILE = "eggplant-brownie/Info.plist";
				LD_RUNPATH_SEARCH_PATHS = (
					"$(inherited)",
					"@executable_path/Frameworks",
				);
				PRODUCT_BUNDLE_IDENTIFIER = "com.formacao.app.eggplant-brownie";
				PRODUCT_NAME = "$(TARGET_NAME)";
				SWIFT_VERSION = 5.0;
				TARGETED_DEVICE_FAMILY = "1,2";
			};
			name = Release;
		};
/* End XCBuildConfiguration section */

/* Begin XCConfigurationList section */
		B3F9875C253A4BAE0024D7C9 /* Build configuration list for PBXProject "eggplant-brownie" */ = {
			isa = XCConfigurationList;
			buildConfigurations = (
				B3F98773253A4BAF0024D7C9 /* Debug */,
				B3F98774253A4BAF0024D7C9 /* Release */,
			);
			defaultConfigurationIsVisible = 0;
			defaultConfigurationName = Release;
		};
		B3F98775253A4BAF0024D7C9 /* Build configuration list for PBXNativeTarget "eggplant-brownie" */ = {
			isa = XCConfigurationList;
			buildConfigurations = (
				B3F98776253A4BAF0024D7C9 /* Debug */,
				B3F98777253A4BAF0024D7C9 /* Release */,
			);
			defaultConfigurationIsVisible = 0;
			defaultConfigurationName = Release;
		};
/* End XCConfigurationList section */
	};
	rootObject = B3F98759253A4BAE0024D7C9 /* Project object */;
}
